
Microsoft Visual Studio Solution File, Format Version 12.00
# Visual Studio 15
VisualStudioVersion = 15.0.27428.2015
MinimumVisualStudioVersion = 10.0.40219.1
Project("{FAE04EC0-301F-11D3-BF4B-00C04F79EFBC}") = "ArmDemo", "ArmDemo\ArmDemo.csproj", "{A1A35274-9DBD-45D8-B001-3199C99F47C8}"
EndProject
Global
	GlobalSection(SolutionConfigurationPlatforms) = preSolution
		Debug|Any CPU = Debug|Any CPU
		Release|Any CPU = Release|Any CPU
	EndGlobalSection
	GlobalSection(ProjectConfigurationPlatforms) = postSolution
		{A1A35274-9DBD-45D8-B001-3199C99F47C8}.Debug|Any CPU.ActiveCfg = Debug|Any CPU
		{A1A35274-9DBD-45D8-B001-3199C99F47C8}.Debug|Any CPU.Build.0 = Debug|Any CPU
		{A1A35274-9DBD-45D8-B001-3199C99F47C8}.Release|Any CPU.ActiveCfg = Release|Any CPU
		{A1A35274-9DBD-45D8-B001-3199C99F47C8}.Release|Any CPU.Build.0 = Release|Any CPU
	EndGlobalSection
	GlobalSection(SolutionProperties) = preSolution
		HideSolutionNode = FALSE
	EndGlobalSection
	GlobalSection(ExtensibilityGlobals) = postSolution
		SolutionGuid = {B2228E8A-5F1B-45BF-9DFB-3CCE94E9B06E}
	EndGlobalSection
EndGlobal
